// !$*UTF8*$!
{
	archiveVersion = 1;
	classes = {
	};
	objectVersion = 56;
	objects = {

/* Begin PBXBuildFile section */
		CD3B5CD92B7BA05D00CF4CB2 /* CustomProtocol.swift in Sources */ = {isa = PBXBuildFile; fileRef = CD3B5CD82B7BA05D00CF4CB2 /* CustomProtocol.swift */; };
		CDAFDAE32B7A293800932D01 /* AppDelegate.swift in Sources */ = {isa = PBXBuildFile; fileRef = CDAFDAE22B7A293800932D01 /* AppDelegate.swift */; };
		CDAFDAE52B7A293800932D01 /* SceneDelegate.swift in Sources */ = {isa = PBXBuildFile; fileRef = CDAFDAE42B7A293800932D01 /* SceneDelegate.swift */; };
		CDAFDAE72B7A293800932D01 /* ViewController.swift in Sources */ = {isa = PBXBuildFile; fileRef = CDAFDAE62B7A293800932D01 /* ViewController.swift */; };
		CDAFDAEA2B7A293800932D01 /* Main.storyboard in Resources */ = {isa = PBXBuildFile; fileRef = CDAFDAE82B7A293800932D01 /* Main.storyboard */; };
		CDAFDAEC2B7A293900932D01 /* Assets.xcassets in Resources */ = {isa = PBXBuildFile; fileRef = CDAFDAEB2B7A293900932D01 /* Assets.xcassets */; };
		CDAFDAEF2B7A293900932D01 /* LaunchScreen.storyboard in Resources */ = {isa = PBXBuildFile; fileRef = CDAFDAED2B7A293900932D01 /* LaunchScreen.storyboard */; };
		CDAFDAFB2B7A295D00932D01 /* MemoModel.swift in Sources */ = {isa = PBXBuildFile; fileRef = CDAFDAFA2B7A295D00932D01 /* MemoModel.swift */; };
		CDAFDAFD2B7A296300932D01 /* MemoViewModel.swift in Sources */ = {isa = PBXBuildFile; fileRef = CDAFDAFC2B7A296300932D01 /* MemoViewModel.swift */; };
		CDAFDAFF2B7A296A00932D01 /* MemoView.swift in Sources */ = {isa = PBXBuildFile; fileRef = CDAFDAFE2B7A296A00932D01 /* MemoView.swift */; };
		CDAFDB012B7A297200932D01 /* MemoTable.swift in Sources */ = {isa = PBXBuildFile; fileRef = CDAFDB002B7A297200932D01 /* MemoTable.swift */; };
		CDAFDB0D2B7A55CD00932D01 /* AddMemoView.swift in Sources */ = {isa = PBXBuildFile; fileRef = CDAFDB0C2B7A55CD00932D01 /* AddMemoView.swift */; };
/* End PBXBuildFile section */

/* Begin PBXFileReference section */
		CD3B5CD82B7BA05D00CF4CB2 /* CustomProtocol.swift */ = {isa = PBXFileReference; lastKnownFileType = sourcecode.swift; path = CustomProtocol.swift; sourceTree = "<group>"; };
		CDAFDADF2B7A293800932D01 /* SimpleMemo.app */ = {isa = PBXFileReference; explicitFileType = wrapper.application; includeInIndex = 0; path = SimpleMemo.app; sourceTree = BUILT_PRODUCTS_DIR; };
		CDAFDAE22B7A293800932D01 /* AppDelegate.swift */ = {isa = PBXFileReference; lastKnownFileType = sourcecode.swift; path = AppDelegate.swift; sourceTree = "<group>"; };
		CDAFDAE42B7A293800932D01 /* SceneDelegate.swift */ = {isa = PBXFileReference; lastKnownFileType = sourcecode.swift; path = SceneDelegate.swift; sourceTree = "<group>"; };
		CDAFDAE62B7A293800932D01 /* ViewController.swift */ = {isa = PBXFileReference; lastKnownFileType = sourcecode.swift; path = ViewController.swift; sourceTree = "<group>"; };
		CDAFDAE92B7A293800932D01 /* Base */ = {isa = PBXFileReference; lastKnownFileType = file.storyboard; name = Base; path = Base.lproj/Main.storyboard; sourceTree = "<group>"; };
		CDAFDAEB2B7A293900932D01 /* Assets.xcassets */ = {isa = PBXFileReference; lastKnownFileType = folder.assetcatalog; path = Assets.xcassets; sourceTree = "<group>"; };
		CDAFDAEE2B7A293900932D01 /* Base */ = {isa = PBXFileReference; lastKnownFileType = file.storyboard; name = Base; path = Base.lproj/LaunchScreen.storyboard; sourceTree = "<group>"; };
		CDAFDAF02B7A293900932D01 /* Info.plist */ = {isa = PBXFileReference; lastKnownFileType = text.plist.xml; path = Info.plist; sourceTree = "<group>"; };
		CDAFDAFA2B7A295D00932D01 /* MemoModel.swift */ = {isa = PBXFileReference; lastKnownFileType = sourcecode.swift; path = MemoModel.swift; sourceTree = "<group>"; };
		CDAFDAFC2B7A296300932D01 /* MemoViewModel.swift */ = {isa = PBXFileReference; lastKnownFileType = sourcecode.swift; path = MemoViewModel.swift; sourceTree = "<group>"; };
		CDAFDAFE2B7A296A00932D01 /* MemoView.swift */ = {isa = PBXFileReference; lastKnownFileType = sourcecode.swift; path = MemoView.swift; sourceTree = "<group>"; };
		CDAFDB002B7A297200932D01 /* MemoTable.swift */ = {isa = PBXFileReference; lastKnownFileType = sourcecode.swift; path = MemoTable.swift; sourceTree = "<group>"; };
		CDAFDB0C2B7A55CD00932D01 /* AddMemoView.swift */ = {isa = PBXFileReference; lastKnownFileType = sourcecode.swift; path = AddMemoView.swift; sourceTree = "<group>"; };
/* End PBXFileReference section */

/* Begin PBXFrameworksBuildPhase section */
		CDAFDADC2B7A293800932D01 /* Frameworks */ = {
			isa = PBXFrameworksBuildPhase;
			buildActionMask = 2147483647;
			files = (
			);
			runOnlyForDeploymentPostprocessing = 0;
		};
/* End PBXFrameworksBuildPhase section */

/* Begin PBXGroup section */
		CD3B5CD72B7BA04B00CF4CB2 /* Util */ = {
			isa = PBXGroup;
			children = (
				CD3B5CD82B7BA05D00CF4CB2 /* CustomProtocol.swift */,
			);
			path = Util;
			sourceTree = "<group>";
		};
		CDAFDAD62B7A293800932D01 = {
			isa = PBXGroup;
			children = (
				CDAFDAE12B7A293800932D01 /* SimpleMemo */,
				CDAFDAE02B7A293800932D01 /* Products */,
			);
			sourceTree = "<group>";
		};
		CDAFDAE02B7A293800932D01 /* Products */ = {
			isa = PBXGroup;
			children = (
				CDAFDADF2B7A293800932D01 /* SimpleMemo.app */,
			);
			name = Products;
			sourceTree = "<group>";
		};
		CDAFDAE12B7A293800932D01 /* SimpleMemo */ = {
			isa = PBXGroup;
			children = (
				CD3B5CD72B7BA04B00CF4CB2 /* Util */,
				CDAFDAF92B7A295300932D01 /* Model */,
				CDAFDAF82B7A294E00932D01 /* ViewModel */,
				CDAFDAF62B7A294200932D01 /* View */,
				CDAFDAE22B7A293800932D01 /* AppDelegate.swift */,
				CDAFDAE42B7A293800932D01 /* SceneDelegate.swift */,
				CDAFDAE62B7A293800932D01 /* ViewController.swift */,
				CDAFDAE82B7A293800932D01 /* Main.storyboard */,
				CDAFDAEB2B7A293900932D01 /* Assets.xcassets */,
				CDAFDAED2B7A293900932D01 /* LaunchScreen.storyboard */,
				CDAFDAF02B7A293900932D01 /* Info.plist */,
			);
			path = SimpleMemo;
			sourceTree = "<group>";
		};
		CDAFDAF62B7A294200932D01 /* View */ = {
			isa = PBXGroup;
			children = (
				CDAFDAF72B7A294700932D01 /* Cell */,
				CDAFDAFE2B7A296A00932D01 /* MemoView.swift */,
				CDAFDB0C2B7A55CD00932D01 /* AddMemoView.swift */,
			);
			path = View;
			sourceTree = "<group>";
		};
		CDAFDAF72B7A294700932D01 /* Cell */ = {
			isa = PBXGroup;
			children = (
				CDAFDB002B7A297200932D01 /* MemoTable.swift */,
			);
			path = Cell;
			sourceTree = "<group>";
		};
		CDAFDAF82B7A294E00932D01 /* ViewModel */ = {
			isa = PBXGroup;
			children = (
				CDAFDAFC2B7A296300932D01 /* MemoViewModel.swift */,
			);
			path = ViewModel;
			sourceTree = "<group>";
		};
		CDAFDAF92B7A295300932D01 /* Model */ = {
			isa = PBXGroup;
			children = (
				CDAFDAFA2B7A295D00932D01 /* MemoModel.swift */,
			);
			path = Model;
			sourceTree = "<group>";
		};
/* End PBXGroup section */

/* Begin PBXNativeTarget section */
		CDAFDADE2B7A293800932D01 /* SimpleMemo */ = {
			isa = PBXNativeTarget;
			buildConfigurationList = CDAFDAF32B7A293900932D01 /* Build configuration list for PBXNativeTarget "SimpleMemo" */;
			buildPhases = (
				CDAFDADB2B7A293800932D01 /* Sources */,
				CDAFDADC2B7A293800932D01 /* Frameworks */,
				CDAFDADD2B7A293800932D01 /* Resources */,
			);
			buildRules = (
			);
			dependencies = (
			);
			name = SimpleMemo;
			productName = SimpleMemo;
			productReference = CDAFDADF2B7A293800932D01 /* SimpleMemo.app */;
			productType = "com.apple.product-type.application";
		};
/* End PBXNativeTarget section */

/* Begin PBXProject section */
		CDAFDAD72B7A293800932D01 /* Project object */ = {
			isa = PBXProject;
			attributes = {
				BuildIndependentTargetsInParallel = 1;
				LastSwiftUpdateCheck = 1520;
				LastUpgradeCheck = 1520;
				TargetAttributes = {
					CDAFDADE2B7A293800932D01 = {
						CreatedOnToolsVersion = 15.2;
					};
				};
			};
			buildConfigurationList = CDAFDADA2B7A293800932D01 /* Build configuration list for PBXProject "SimpleMemo" */;
			compatibilityVersion = "Xcode 14.0";
			developmentRegion = en;
			hasScannedForEncodings = 0;
			knownRegions = (
				en,
				Base,
			);
			mainGroup = CDAFDAD62B7A293800932D01;
			productRefGroup = CDAFDAE02B7A293800932D01 /* Products */;
			projectDirPath = "";
			projectRoot = "";
			targets = (
				CDAFDADE2B7A293800932D01 /* SimpleMemo */,
			);
		};
/* End PBXProject section */

/* Begin PBXResourcesBuildPhase section */
		CDAFDADD2B7A293800932D01 /* Resources */ = {
			isa = PBXResourcesBuildPhase;
			buildActionMask = 2147483647;
			files = (
				CDAFDAEF2B7A293900932D01 /* LaunchScreen.storyboard in Resources */,
				CDAFDAEC2B7A293900932D01 /* Assets.xcassets in Resources */,
				CDAFDAEA2B7A293800932D01 /* Main.storyboard in Resources */,
			);
			runOnlyForDeploymentPostprocessing = 0;
		};
/* End PBXResourcesBuildPhase section */

/* Begin PBXSourcesBuildPhase section */
		CDAFDADB2B7A293800932D01 /* Sources */ = {
			isa = PBXSourcesBuildPhase;
			buildActionMask = 2147483647;
			files = (
				CDAFDAE72B7A293800932D01 /* ViewController.swift in Sources */,
				CDAFDAFB2B7A295D00932D01 /* MemoModel.swift in Sources */,
				CDAFDAFD2B7A296300932D01 /* MemoViewModel.swift in Sources */,
				CDAFDB012B7A297200932D01 /* MemoTable.swift in Sources */,
				CD3B5CD92B7BA05D00CF4CB2 /* CustomProtocol.swift in Sources */,
				CDAFDAE32B7A293800932D01 /* AppDelegate.swift in Sources */,
				CDAFDAFF2B7A296A00932D01 /* MemoView.swift in Sources */,
				CDAFDB0D2B7A55CD00932D01 /* AddMemoView.swift in Sources */,
				CDAFDAE52B7A293800932D01 /* SceneDelegate.swift in Sources */,
			);
			runOnlyForDeploymentPostprocessing = 0;
		};
/* End PBXSourcesBuildPhase section */

/* Begin PBXVariantGroup section */
		CDAFDAE82B7A293800932D01 /* Main.storyboard */ = {
			isa = PBXVariantGroup;
			children = (
				CDAFDAE92B7A293800932D01 /* Base */,
			);
			name = Main.storyboard;
			sourceTree = "<group>";
		};
		CDAFDAED2B7A293900932D01 /* LaunchScreen.storyboard */ = {
			isa = PBXVariantGroup;
			children = (
				CDAFDAEE2B7A293900932D01 /* Base */,
			);
			name = LaunchScreen.storyboard;
			sourceTree = "<group>";
		};
/* End PBXVariantGroup section */

/* Begin XCBuildConfiguration section */
		CDAFDAF12B7A293900932D01 /* Debug */ = {
			isa = XCBuildConfiguration;
			buildSettings = {
				ALWAYS_SEARCH_USER_PATHS = NO;
				ASSETCATALOG_COMPILER_GENERATE_SWIFT_ASSET_SYMBOL_EXTENSIONS = YES;
				CLANG_ANALYZER_NONNULL = YES;
				CLANG_ANALYZER_NUMBER_OBJECT_CONVERSION = YES_AGGRESSIVE;
				CLANG_CXX_LANGUAGE_STANDARD = "gnu++20";
				CLANG_ENABLE_MODULES = YES;
				CLANG_ENABLE_OBJC_ARC = YES;
				CLANG_ENABLE_OBJC_WEAK = YES;
				CLANG_WARN_BLOCK_CAPTURE_AUTORELEASING = YES;
				CLANG_WARN_BOOL_CONVERSION = YES;
				CLANG_WARN_COMMA = YES;
				CLANG_WARN_CONSTANT_CONVERSION = YES;
				CLANG_WARN_DEPRECATED_OBJC_IMPLEMENTATIONS = YES;
				CLANG_WARN_DIRECT_OBJC_ISA_USAGE = YES_ERROR;
				CLANG_WARN_DOCUMENTATION_COMMENTS = YES;
				CLANG_WARN_EMPTY_BODY = YES;
				CLANG_WARN_ENUM_CONVERSION = YES;
				CLANG_WARN_INFINITE_RECURSION = YES;
				CLANG_WARN_INT_CONVERSION = YES;
				CLANG_WARN_NON_LITERAL_NULL_CONVERSION = YES;
				CLANG_WARN_OBJC_IMPLICIT_RETAIN_SELF = YES;
				CLANG_WARN_OBJC_LITERAL_CONVERSION = YES;
				CLANG_WARN_OBJC_ROOT_CLASS = YES_ERROR;
				CLANG_WARN_QUOTED_INCLUDE_IN_FRAMEWORK_HEADER = YES;
				CLANG_WARN_RANGE_LOOP_ANALYSIS = YES;
				CLANG_WARN_STRICT_PROTOTYPES = YES;
				CLANG_WARN_SUSPICIOUS_MOVE = YES;
				CLANG_WARN_UNGUARDED_AVAILABILITY = YES_AGGRESSIVE;
				CLANG_WARN_UNREACHABLE_CODE = YES;
				CLANG_WARN__DUPLICATE_METHOD_MATCH = YES;
				COPY_PHASE_STRIP = NO;
				DEBUG_INFORMATION_FORMAT = dwarf;
				ENABLE_STRICT_OBJC_MSGSEND = YES;
				ENABLE_TESTABILITY = YES;
				ENABLE_USER_SCRIPT_SANDBOXING = YES;
				GCC_C_LANGUAGE_STANDARD = gnu17;
				GCC_DYNAMIC_NO_PIC = NO;
				GCC_NO_COMMON_BLOCKS = YES;
				GCC_OPTIMIZATION_LEVEL = 0;
				GCC_PREPROCESSOR_DEFINITIONS = (
					"DEBUG=1",
					"$(inherited)",
				);
				GCC_WARN_64_TO_32_BIT_CONVERSION = YES;
				GCC_WARN_ABOUT_RETURN_TYPE = YES_ERROR;
				GCC_WARN_UNDECLARED_SELECTOR = YES;
				GCC_WARN_UNINITIALIZED_AUTOS = YES_AGGRESSIVE;
				GCC_WARN_UNUSED_FUNCTION = YES;
				GCC_WARN_UNUSED_VARIABLE = YES;
				IPHONEOS_DEPLOYMENT_TARGET = 17.2;
				LOCALIZATION_PREFERS_STRING_CATALOGS = YES;
				MTL_ENABLE_DEBUG_INFO = INCLUDE_SOURCE;
				MTL_FAST_MATH = YES;
				ONLY_ACTIVE_ARCH = YES;
				SDKROOT = iphoneos;
				SWIFT_ACTIVE_COMPILATION_CONDITIONS = "DEBUG $(inherited)";
				SWIFT_OPTIMIZATION_LEVEL = "-Onone";
			};
			name = Debug;
		};
		CDAFDAF22B7A293900932D01 /* Release */ = {
			isa = XCBuildConfiguration;
			buildSettings = {
				ALWAYS_SEARCH_USER_PATHS = NO;
				ASSETCATALOG_COMPILER_GENERATE_SWIFT_ASSET_SYMBOL_EXTENSIONS = YES;
				CLANG_ANALYZER_NONNULL = YES;
				CLANG_ANALYZER_NUMBER_OBJECT_CONVERSION = YES_AGGRESSIVE;
				CLANG_CXX_LANGUAGE_STANDARD = "gnu++20";
				CLANG_ENABLE_MODULES = YES;
				CLANG_ENABLE_OBJC_ARC = YES;
				CLANG_ENABLE_OBJC_WEAK = YES;
				CLANG_WARN_BLOCK_CAPTURE_AUTORELEASING = YES;
				CLANG_WARN_BOOL_CONVERSION = YES;
				CLANG_WARN_COMMA = YES;
				CLANG_WARN_CONSTANT_CONVERSION = YES;
				CLANG_WARN_DEPRECATED_OBJC_IMPLEMENTATIONS = YES;
				CLANG_WARN_DIRECT_OBJC_ISA_USAGE = YES_ERROR;
				CLANG_WARN_DOCUMENTATION_COMMENTS = YES;
				CLANG_WARN_EMPTY_BODY = YES;
				CLANG_WARN_ENUM_CONVERSION = YES;
				CLANG_WARN_INFINITE_RECURSION = YES;
				CLANG_WARN_INT_CONVERSION = YES;
				CLANG_WARN_NON_LITERAL_NULL_CONVERSION = YES;
				CLANG_WARN_OBJC_IMPLICIT_RETAIN_SELF = YES;
				CLANG_WARN_OBJC_LITERAL_CONVERSION = YES;
				CLANG_WARN_OBJC_ROOT_CLASS = YES_ERROR;
				CLANG_WARN_QUOTED_INCLUDE_IN_FRAMEWORK_HEADER = YES;
				CLANG_WARN_RANGE_LOOP_ANALYSIS = YES;
				CLANG_WARN_STRICT_PROTOTYPES = YES;
				CLANG_WARN_SUSPICIOUS_MOVE = YES;
				CLANG_WARN_UNGUARDED_AVAILABILITY = YES_AGGRESSIVE;
				CLANG_WARN_UNREACHABLE_CODE = YES;
				CLANG_WARN__DUPLICATE_METHOD_MATCH = YES;
				COPY_PHASE_STRIP = NO;
				DEBUG_INFORMATION_FORMAT = "dwarf-with-dsym";
				ENABLE_NS_ASSERTIONS = NO;
				ENABLE_STRICT_OBJC_MSGSEND = YES;
				ENABLE_USER_SCRIPT_SANDBOXING = YES;
				GCC_C_LANGUAGE_STANDARD = gnu17;
				GCC_NO_COMMON_BLOCKS = YES;
				GCC_WARN_64_TO_32_BIT_CONVERSION = YES;
				GCC_WARN_ABOUT_RETURN_TYPE = YES_ERROR;
				GCC_WARN_UNDECLARED_SELECTOR = YES;
				GCC_WARN_UNINITIALIZED_AUTOS = YES_AGGRESSIVE;
				GCC_WARN_UNUSED_FUNCTION = YES;
				GCC_WARN_UNUSED_VARIABLE = YES;
				IPHONEOS_DEPLOYMENT_TARGET = 17.2;
				LOCALIZATION_PREFERS_STRING_CATALOGS = YES;
				MTL_ENABLE_DEBUG_INFO = NO;
				MTL_FAST_MATH = YES;
				SDKROOT = iphoneos;
				SWIFT_COMPILATION_MODE = wholemodule;
				VALIDATE_PRODUCT = YES;
			};
			name = Release;
		};
		CDAFDAF42B7A293900932D01 /* Debug */ = {
			isa = XCBuildConfiguration;
			buildSettings = {
				ASSETCATALOG_COMPILER_APPICON_NAME = AppIcon;
				ASSETCATALOG_COMPILER_GLOBAL_ACCENT_COLOR_NAME = AccentColor;
				CODE_SIGN_STYLE = Automatic;
				CURRENT_PROJECT_VERSION = 1;
				DEVELOPMENT_TEAM = P3KXNQ9736;
				GENERATE_INFOPLIST_FILE = YES;
				INFOPLIST_FILE = SimpleMemo/Info.plist;
				INFOPLIST_KEY_UIApplicationSupportsIndirectInputEvents = YES;
				INFOPLIST_KEY_UILaunchStoryboardName = LaunchScreen;
				INFOPLIST_KEY_UIMainStoryboardFile = Main;
				INFOPLIST_KEY_UISupportedInterfaceOrientations_iPad = "UIInterfaceOrientationPortrait UIInterfaceOrientationPortraitUpsideDown UIInterfaceOrientationLandscapeLeft UIInterfaceOrientationLandscapeRight";
				INFOPLIST_KEY_UISupportedInterfaceOrientations_iPhone = "UIInterfaceOrientationPortrait UIInterfaceOrientationLandscapeLeft UIInterfaceOrientationLandscapeRight";
				LD_RUNPATH_SEARCH_PATHS = (
					"$(inherited)",
					"@executable_path/Frameworks",
				);
				MARKETING_VERSION = 1.0;
				PRODUCT_BUNDLE_IDENTIFIER = MadCow.SimpleMemo;
				PRODUCT_NAME = "$(TARGET_NAME)";
				SWIFT_EMIT_LOC_STRINGS = YES;
				SWIFT_VERSION = 5.0;
				TARGETED_DEVICE_FAMILY = "1,2";
			};
			name = Debug;
		};
		CDAFDAF52B7A293900932D01 /* Release */ = {
			isa = XCBuildConfiguration;
			buildSettings = {
				ASSETCATALOG_COMPILER_APPICON_NAME = AppIcon;
				ASSETCATALOG_COMPILER_GLOBAL_ACCENT_COLOR_NAME = AccentColor;
				CODE_SIGN_STYLE = Automatic;
				CURRENT_PROJECT_VERSION = 1;
				DEVELOPMENT_TEAM = P3KXNQ9736;
				GENERATE_INFOPLIST_FILE = YES;
				INFOPLIST_FILE = SimpleMemo/Info.plist;
				INFOPLIST_KEY_UIApplicationSupportsIndirectInputEvents = YES;
				INFOPLIST_KEY_UILaunchStoryboardName = LaunchScreen;
				INFOPLIST_KEY_UIMainStoryboardFile = Main;
				INFOPLIST_KEY_UISupportedInterfaceOrientations_iPad = "UIInterfaceOrientationPortrait UIInterfaceOrientationPortraitUpsideDown UIInterfaceOrientationLandscapeLeft UIInterfaceOrientationLandscapeRight";
				INFOPLIST_KEY_UISupportedInterfaceOrientations_iPhone = "UIInterfaceOrientationPortrait UIInterfaceOrientationLandscapeLeft UIInterfaceOrientationLandscapeRight";
				LD_RUNPATH_SEARCH_PATHS = (
					"$(inherited)",
					"@executable_path/Frameworks",
				);
				MARKETING_VERSION = 1.0;
				PRODUCT_BUNDLE_IDENTIFIER = MadCow.SimpleMemo;
				PRODUCT_NAME = "$(TARGET_NAME)";
				SWIFT_EMIT_LOC_STRINGS = YES;
				SWIFT_VERSION = 5.0;
				TARGETED_DEVICE_FAMILY = "1,2";
			};
			name = Release;
		};
/* End XCBuildConfiguration section */

/* Begin XCConfigurationList section */
		CDAFDADA2B7A293800932D01 /* Build configuration list for PBXProject "SimpleMemo" */ = {
			isa = XCConfigurationList;
			buildConfigurations = (
				CDAFDAF12B7A293900932D01 /* Debug */,
				CDAFDAF22B7A293900932D01 /* Release */,
			);
			defaultConfigurationIsVisible = 0;
			defaultConfigurationName = Release;
		};
		CDAFDAF32B7A293900932D01 /* Build configuration list for PBXNativeTarget "SimpleMemo" */ = {
			isa = XCConfigurationList;
			buildConfigurations = (
				CDAFDAF42B7A293900932D01 /* Debug */,
				CDAFDAF52B7A293900932D01 /* Release */,
			);
			defaultConfigurationIsVisible = 0;
			defaultConfigurationName = Release;
		};
/* End XCConfigurationList section */
	};
	rootObject = CDAFDAD72B7A293800932D01 /* Project object */;
}
