// !$*UTF8*$!
{
	archiveVersion = 1;
	classes = {
	};
	objectVersion = 56;
	objects = {

/* Begin PBXBuildFile section */
		CD59E2042B626A030055CBDF /* SwiftUI_PracticeApp.swift in Sources */ = {isa = PBXBuildFile; fileRef = CD59E2032B626A030055CBDF /* SwiftUI_PracticeApp.swift */; };
		CD59E2062B626A030055CBDF /* ContentView.swift in Sources */ = {isa = PBXBuildFile; fileRef = CD59E2052B626A030055CBDF /* ContentView.swift */; };
		CD59E2082B626A040055CBDF /* Assets.xcassets in Resources */ = {isa = PBXBuildFile; fileRef = CD59E2072B626A040055CBDF /* Assets.xcassets */; };
		CD59E20B2B626A040055CBDF /* Preview Assets.xcassets in Resources */ = {isa = PBXBuildFile; fileRef = CD59E20A2B626A040055CBDF /* Preview Assets.xcassets */; };
		CD59E2172B626A600055CBDF /* MainTabBarController.swift in Sources */ = {isa = PBXBuildFile; fileRef = CD59E2162B626A600055CBDF /* MainTabBarController.swift */; };
		CD59E2192B626A6D0055CBDF /* MainTabBarView.swift in Sources */ = {isa = PBXBuildFile; fileRef = CD59E2182B626A6D0055CBDF /* MainTabBarView.swift */; };
		CD59E21B2B626AAC0055CBDF /* HomeView.swift in Sources */ = {isa = PBXBuildFile; fileRef = CD59E21A2B626AAC0055CBDF /* HomeView.swift */; };
		CD59E21D2B626ABB0055CBDF /* ProfileView.swift in Sources */ = {isa = PBXBuildFile; fileRef = CD59E21C2B626ABB0055CBDF /* ProfileView.swift */; };
		CD59E2202B626B5B0055CBDF /* HomeController.swift in Sources */ = {isa = PBXBuildFile; fileRef = CD59E21F2B626B5B0055CBDF /* HomeController.swift */; };
		CD59E2222B626B620055CBDF /* ProfileController.swift in Sources */ = {isa = PBXBuildFile; fileRef = CD59E2212B626B620055CBDF /* ProfileController.swift */; };
		CD6352F22B6399F600B3D790 /* FruitListView.swift in Sources */ = {isa = PBXBuildFile; fileRef = CD6352F12B6399F600B3D790 /* FruitListView.swift */; };
		CD6352F72B639C0100B3D790 /* FruitListModel.swift in Sources */ = {isa = PBXBuildFile; fileRef = CD6352F62B639C0100B3D790 /* FruitListModel.swift */; };
		CD6352FD2B63A4BB00B3D790 /* SettingView.swift in Sources */ = {isa = PBXBuildFile; fileRef = CD6352FC2B63A4BB00B3D790 /* SettingView.swift */; };
		CD6353002B63A6AA00B3D790 /* Util.swift in Sources */ = {isa = PBXBuildFile; fileRef = CD6352FF2B63A6AA00B3D790 /* Util.swift */; };
		CD6353022B63A9AA00B3D790 /* SettingModel.swift in Sources */ = {isa = PBXBuildFile; fileRef = CD6353012B63A9AA00B3D790 /* SettingModel.swift */; };
/* End PBXBuildFile section */

/* Begin PBXFileReference section */
		CD59E2002B626A030055CBDF /* SwiftUI_Practice.app */ = {isa = PBXFileReference; explicitFileType = wrapper.application; includeInIndex = 0; path = SwiftUI_Practice.app; sourceTree = BUILT_PRODUCTS_DIR; };
		CD59E2032B626A030055CBDF /* SwiftUI_PracticeApp.swift */ = {isa = PBXFileReference; lastKnownFileType = sourcecode.swift; path = SwiftUI_PracticeApp.swift; sourceTree = "<group>"; };
		CD59E2052B626A030055CBDF /* ContentView.swift */ = {isa = PBXFileReference; lastKnownFileType = sourcecode.swift; path = ContentView.swift; sourceTree = "<group>"; };
		CD59E2072B626A040055CBDF /* Assets.xcassets */ = {isa = PBXFileReference; lastKnownFileType = folder.assetcatalog; path = Assets.xcassets; sourceTree = "<group>"; };
		CD59E20A2B626A040055CBDF /* Preview Assets.xcassets */ = {isa = PBXFileReference; lastKnownFileType = folder.assetcatalog; path = "Preview Assets.xcassets"; sourceTree = "<group>"; };
		CD59E2162B626A600055CBDF /* MainTabBarController.swift */ = {isa = PBXFileReference; lastKnownFileType = sourcecode.swift; path = MainTabBarController.swift; sourceTree = "<group>"; };
		CD59E2182B626A6D0055CBDF /* MainTabBarView.swift */ = {isa = PBXFileReference; lastKnownFileType = sourcecode.swift; path = MainTabBarView.swift; sourceTree = "<group>"; };
		CD59E21A2B626AAC0055CBDF /* HomeView.swift */ = {isa = PBXFileReference; lastKnownFileType = sourcecode.swift; path = HomeView.swift; sourceTree = "<group>"; };
		CD59E21C2B626ABB0055CBDF /* ProfileView.swift */ = {isa = PBXFileReference; lastKnownFileType = sourcecode.swift; path = ProfileView.swift; sourceTree = "<group>"; };
		CD59E21F2B626B5B0055CBDF /* HomeController.swift */ = {isa = PBXFileReference; lastKnownFileType = sourcecode.swift; path = HomeController.swift; sourceTree = "<group>"; };
		CD59E2212B626B620055CBDF /* ProfileController.swift */ = {isa = PBXFileReference; lastKnownFileType = sourcecode.swift; path = ProfileController.swift; sourceTree = "<group>"; };
		CD6352F12B6399F600B3D790 /* FruitListView.swift */ = {isa = PBXFileReference; lastKnownFileType = sourcecode.swift; path = FruitListView.swift; sourceTree = "<group>"; };
		CD6352F62B639C0100B3D790 /* FruitListModel.swift */ = {isa = PBXFileReference; lastKnownFileType = sourcecode.swift; path = FruitListModel.swift; sourceTree = "<group>"; };
		CD6352FC2B63A4BB00B3D790 /* SettingView.swift */ = {isa = PBXFileReference; lastKnownFileType = sourcecode.swift; path = SettingView.swift; sourceTree = "<group>"; };
		CD6352FF2B63A6AA00B3D790 /* Util.swift */ = {isa = PBXFileReference; lastKnownFileType = sourcecode.swift; path = Util.swift; sourceTree = "<group>"; };
		CD6353012B63A9AA00B3D790 /* SettingModel.swift */ = {isa = PBXFileReference; lastKnownFileType = sourcecode.swift; path = SettingModel.swift; sourceTree = "<group>"; };
/* End PBXFileReference section */

/* Begin PBXFrameworksBuildPhase section */
		CD59E1FD2B626A030055CBDF /* Frameworks */ = {
			isa = PBXFrameworksBuildPhase;
			buildActionMask = 2147483647;
			files = (
			);
			runOnlyForDeploymentPostprocessing = 0;
		};
/* End PBXFrameworksBuildPhase section */

/* Begin PBXGroup section */
		CD59E1F72B626A030055CBDF = {
			isa = PBXGroup;
			children = (
				CD59E2022B626A030055CBDF /* SwiftUI_Practice */,
				CD59E2012B626A030055CBDF /* Products */,
			);
			sourceTree = "<group>";
		};
		CD59E2012B626A030055CBDF /* Products */ = {
			isa = PBXGroup;
			children = (
				CD59E2002B626A030055CBDF /* SwiftUI_Practice.app */,
			);
			name = Products;
			sourceTree = "<group>";
		};
		CD59E2022B626A030055CBDF /* SwiftUI_Practice */ = {
			isa = PBXGroup;
			children = (
				CD6352F02B6399EA00B3D790 /* Study */,
				CD59E21E2B626B4B0055CBDF /* Util */,
				CD59E2132B626A380055CBDF /* ViewModel */,
				CD59E2122B626A310055CBDF /* Controller */,
				CD59E2112B626A280055CBDF /* View */,
				CD59E2032B626A030055CBDF /* SwiftUI_PracticeApp.swift */,
				CD59E2052B626A030055CBDF /* ContentView.swift */,
				CD59E2072B626A040055CBDF /* Assets.xcassets */,
				CD59E2092B626A040055CBDF /* Preview Content */,
			);
			path = SwiftUI_Practice;
			sourceTree = "<group>";
		};
		CD59E2092B626A040055CBDF /* Preview Content */ = {
			isa = PBXGroup;
			children = (
				CD59E20A2B626A040055CBDF /* Preview Assets.xcassets */,
			);
			path = "Preview Content";
			sourceTree = "<group>";
		};
		CD59E2112B626A280055CBDF /* View */ = {
			isa = PBXGroup;
			children = (
				CD59E2182B626A6D0055CBDF /* MainTabBarView.swift */,
				CD59E21A2B626AAC0055CBDF /* HomeView.swift */,
				CD59E21C2B626ABB0055CBDF /* ProfileView.swift */,
			);
			name = View;
			path = "퍋ㅈ";
			sourceTree = "<group>";
		};
		CD59E2122B626A310055CBDF /* Controller */ = {
			isa = PBXGroup;
			children = (
				CD59E2162B626A600055CBDF /* MainTabBarController.swift */,
				CD59E21F2B626B5B0055CBDF /* HomeController.swift */,
				CD59E2212B626B620055CBDF /* ProfileController.swift */,
			);
			name = Controller;
			sourceTree = "<group>";
		};
		CD59E2132B626A380055CBDF /* ViewModel */ = {
			isa = PBXGroup;
			children = (
			);
			path = ViewModel;
			sourceTree = "<group>";
		};
		CD59E21E2B626B4B0055CBDF /* Util */ = {
			isa = PBXGroup;
			children = (
			);
			path = Util;
			sourceTree = "<group>";
		};
		CD6352F02B6399EA00B3D790 /* Study */ = {
			isa = PBXGroup;
			children = (
				CD6352F82B63A42400B3D790 /* Assignment */,
				CD6352F52B639B1D00B3D790 /* Model */,
				CD6352F42B639B1600B3D790 /* ViewModel */,
				CD6352F32B639B1000B3D790 /* View */,
			);
			path = Study;
			sourceTree = "<group>";
		};
		CD6352F32B639B1000B3D790 /* View */ = {
			isa = PBXGroup;
			children = (
				CD6352F12B6399F600B3D790 /* FruitListView.swift */,
			);
			path = View;
			sourceTree = "<group>";
		};
		CD6352F42B639B1600B3D790 /* ViewModel */ = {
			isa = PBXGroup;
			children = (
			);
			path = ViewModel;
			sourceTree = "<group>";
		};
		CD6352F52B639B1D00B3D790 /* Model */ = {
			isa = PBXGroup;
			children = (
				CD6352F62B639C0100B3D790 /* FruitListModel.swift */,
			);
			path = Model;
			sourceTree = "<group>";
		};
		CD6352F82B63A42400B3D790 /* Assignment */ = {
			isa = PBXGroup;
			children = (
				CD6352FE2B63A69E00B3D790 /* Util */,
				CD6352FB2B63A46500B3D790 /* Model */,
				CD6352FA2B63A46000B3D790 /* ViewModel */,
				CD6352F92B63A45B00B3D790 /* View */,
			);
			path = Assignment;
			sourceTree = "<group>";
		};
		CD6352F92B63A45B00B3D790 /* View */ = {
			isa = PBXGroup;
			children = (
				CD6352FC2B63A4BB00B3D790 /* SettingView.swift */,
			);
			path = View;
			sourceTree = "<group>";
		};
		CD6352FA2B63A46000B3D790 /* ViewModel */ = {
			isa = PBXGroup;
			children = (
			);
			path = ViewModel;
			sourceTree = "<group>";
		};
		CD6352FB2B63A46500B3D790 /* Model */ = {
			isa = PBXGroup;
			children = (
				CD6353012B63A9AA00B3D790 /* SettingModel.swift */,
			);
			path = Model;
			sourceTree = "<group>";
		};
		CD6352FE2B63A69E00B3D790 /* Util */ = {
			isa = PBXGroup;
			children = (
				CD6352FF2B63A6AA00B3D790 /* Util.swift */,
			);
			path = Util;
			sourceTree = "<group>";
		};
/* End PBXGroup section */

/* Begin PBXNativeTarget section */
		CD59E1FF2B626A030055CBDF /* SwiftUI_Practice */ = {
			isa = PBXNativeTarget;
			buildConfigurationList = CD59E20E2B626A040055CBDF /* Build configuration list for PBXNativeTarget "SwiftUI_Practice" */;
			buildPhases = (
				CD59E1FC2B626A030055CBDF /* Sources */,
				CD59E1FD2B626A030055CBDF /* Frameworks */,
				CD59E1FE2B626A030055CBDF /* Resources */,
			);
			buildRules = (
			);
			dependencies = (
			);
			name = SwiftUI_Practice;
			productName = SwiftUI_Practice;
			productReference = CD59E2002B626A030055CBDF /* SwiftUI_Practice.app */;
			productType = "com.apple.product-type.application";
		};
/* End PBXNativeTarget section */

/* Begin PBXProject section */
		CD59E1F82B626A030055CBDF /* Project object */ = {
			isa = PBXProject;
			attributes = {
				BuildIndependentTargetsInParallel = 1;
				LastSwiftUpdateCheck = 1520;
				LastUpgradeCheck = 1520;
				TargetAttributes = {
					CD59E1FF2B626A030055CBDF = {
						CreatedOnToolsVersion = 15.2;
					};
				};
			};
			buildConfigurationList = CD59E1FB2B626A030055CBDF /* Build configuration list for PBXProject "SwiftUI_Practice" */;
			compatibilityVersion = "Xcode 14.0";
			developmentRegion = en;
			hasScannedForEncodings = 0;
			knownRegions = (
				en,
				Base,
			);
			mainGroup = CD59E1F72B626A030055CBDF;
			productRefGroup = CD59E2012B626A030055CBDF /* Products */;
			projectDirPath = "";
			projectRoot = "";
			targets = (
				CD59E1FF2B626A030055CBDF /* SwiftUI_Practice */,
			);
		};
/* End PBXProject section */

/* Begin PBXResourcesBuildPhase section */
		CD59E1FE2B626A030055CBDF /* Resources */ = {
			isa = PBXResourcesBuildPhase;
			buildActionMask = 2147483647;
			files = (
				CD59E20B2B626A040055CBDF /* Preview Assets.xcassets in Resources */,
				CD59E2082B626A040055CBDF /* Assets.xcassets in Resources */,
			);
			runOnlyForDeploymentPostprocessing = 0;
		};
/* End PBXResourcesBuildPhase section */

/* Begin PBXSourcesBuildPhase section */
		CD59E1FC2B626A030055CBDF /* Sources */ = {
			isa = PBXSourcesBuildPhase;
			buildActionMask = 2147483647;
			files = (
				CD59E2062B626A030055CBDF /* ContentView.swift in Sources */,
				CD59E2042B626A030055CBDF /* SwiftUI_PracticeApp.swift in Sources */,
				CD6352F72B639C0100B3D790 /* FruitListModel.swift in Sources */,
				CD59E2202B626B5B0055CBDF /* HomeController.swift in Sources */,
				CD59E2172B626A600055CBDF /* MainTabBarController.swift in Sources */,
				CD59E21B2B626AAC0055CBDF /* HomeView.swift in Sources */,
				CD59E21D2B626ABB0055CBDF /* ProfileView.swift in Sources */,
				CD6353022B63A9AA00B3D790 /* SettingModel.swift in Sources */,
				CD6353002B63A6AA00B3D790 /* Util.swift in Sources */,
				CD59E2192B626A6D0055CBDF /* MainTabBarView.swift in Sources */,
				CD59E2222B626B620055CBDF /* ProfileController.swift in Sources */,
				CD6352F22B6399F600B3D790 /* FruitListView.swift in Sources */,
				CD6352FD2B63A4BB00B3D790 /* SettingView.swift in Sources */,
			);
			runOnlyForDeploymentPostprocessing = 0;
		};
/* End PBXSourcesBuildPhase section */

/* Begin XCBuildConfiguration section */
		CD59E20C2B626A040055CBDF /* Debug */ = {
			isa = XCBuildConfiguration;
			buildSettings = {
				ALWAYS_SEARCH_USER_PATHS = NO;
				ASSETCATALOG_COMPILER_GENERATE_SWIFT_ASSET_SYMBOL_EXTENSIONS = YES;
				CLANG_ANALYZER_NONNULL = YES;
				CLANG_ANALYZER_NUMBER_OBJECT_CONVERSION = YES_AGGRESSIVE;
				CLANG_CXX_LANGUAGE_STANDARD = "gnu++20";
				CLANG_ENABLE_MODULES = YES;
				CLANG_ENABLE_OBJC_ARC = YES;
				CLANG_ENABLE_OBJC_WEAK = YES;
				CLANG_WARN_BLOCK_CAPTURE_AUTORELEASING = YES;
				CLANG_WARN_BOOL_CONVERSION = YES;
				CLANG_WARN_COMMA = YES;
				CLANG_WARN_CONSTANT_CONVERSION = YES;
				CLANG_WARN_DEPRECATED_OBJC_IMPLEMENTATIONS = YES;
				CLANG_WARN_DIRECT_OBJC_ISA_USAGE = YES_ERROR;
				CLANG_WARN_DOCUMENTATION_COMMENTS = YES;
				CLANG_WARN_EMPTY_BODY = YES;
				CLANG_WARN_ENUM_CONVERSION = YES;
				CLANG_WARN_INFINITE_RECURSION = YES;
				CLANG_WARN_INT_CONVERSION = YES;
				CLANG_WARN_NON_LITERAL_NULL_CONVERSION = YES;
				CLANG_WARN_OBJC_IMPLICIT_RETAIN_SELF = YES;
				CLANG_WARN_OBJC_LITERAL_CONVERSION = YES;
				CLANG_WARN_OBJC_ROOT_CLASS = YES_ERROR;
				CLANG_WARN_QUOTED_INCLUDE_IN_FRAMEWORK_HEADER = YES;
				CLANG_WARN_RANGE_LOOP_ANALYSIS = YES;
				CLANG_WARN_STRICT_PROTOTYPES = YES;
				CLANG_WARN_SUSPICIOUS_MOVE = YES;
				CLANG_WARN_UNGUARDED_AVAILABILITY = YES_AGGRESSIVE;
				CLANG_WARN_UNREACHABLE_CODE = YES;
				CLANG_WARN__DUPLICATE_METHOD_MATCH = YES;
				COPY_PHASE_STRIP = NO;
				DEBUG_INFORMATION_FORMAT = dwarf;
				ENABLE_STRICT_OBJC_MSGSEND = YES;
				ENABLE_TESTABILITY = YES;
				ENABLE_USER_SCRIPT_SANDBOXING = YES;
				GCC_C_LANGUAGE_STANDARD = gnu17;
				GCC_DYNAMIC_NO_PIC = NO;
				GCC_NO_COMMON_BLOCKS = YES;
				GCC_OPTIMIZATION_LEVEL = 0;
				GCC_PREPROCESSOR_DEFINITIONS = (
					"DEBUG=1",
					"$(inherited)",
				);
				GCC_WARN_64_TO_32_BIT_CONVERSION = YES;
				GCC_WARN_ABOUT_RETURN_TYPE = YES_ERROR;
				GCC_WARN_UNDECLARED_SELECTOR = YES;
				GCC_WARN_UNINITIALIZED_AUTOS = YES_AGGRESSIVE;
				GCC_WARN_UNUSED_FUNCTION = YES;
				GCC_WARN_UNUSED_VARIABLE = YES;
				IPHONEOS_DEPLOYMENT_TARGET = 17.2;
				LOCALIZATION_PREFERS_STRING_CATALOGS = YES;
				MTL_ENABLE_DEBUG_INFO = INCLUDE_SOURCE;
				MTL_FAST_MATH = YES;
				ONLY_ACTIVE_ARCH = YES;
				SDKROOT = iphoneos;
				SWIFT_ACTIVE_COMPILATION_CONDITIONS = "DEBUG $(inherited)";
				SWIFT_OPTIMIZATION_LEVEL = "-Onone";
			};
			name = Debug;
		};
		CD59E20D2B626A040055CBDF /* Release */ = {
			isa = XCBuildConfiguration;
			buildSettings = {
				ALWAYS_SEARCH_USER_PATHS = NO;
				ASSETCATALOG_COMPILER_GENERATE_SWIFT_ASSET_SYMBOL_EXTENSIONS = YES;
				CLANG_ANALYZER_NONNULL = YES;
				CLANG_ANALYZER_NUMBER_OBJECT_CONVERSION = YES_AGGRESSIVE;
				CLANG_CXX_LANGUAGE_STANDARD = "gnu++20";
				CLANG_ENABLE_MODULES = YES;
				CLANG_ENABLE_OBJC_ARC = YES;
				CLANG_ENABLE_OBJC_WEAK = YES;
				CLANG_WARN_BLOCK_CAPTURE_AUTORELEASING = YES;
				CLANG_WARN_BOOL_CONVERSION = YES;
				CLANG_WARN_COMMA = YES;
				CLANG_WARN_CONSTANT_CONVERSION = YES;
				CLANG_WARN_DEPRECATED_OBJC_IMPLEMENTATIONS = YES;
				CLANG_WARN_DIRECT_OBJC_ISA_USAGE = YES_ERROR;
				CLANG_WARN_DOCUMENTATION_COMMENTS = YES;
				CLANG_WARN_EMPTY_BODY = YES;
				CLANG_WARN_ENUM_CONVERSION = YES;
				CLANG_WARN_INFINITE_RECURSION = YES;
				CLANG_WARN_INT_CONVERSION = YES;
				CLANG_WARN_NON_LITERAL_NULL_CONVERSION = YES;
				CLANG_WARN_OBJC_IMPLICIT_RETAIN_SELF = YES;
				CLANG_WARN_OBJC_LITERAL_CONVERSION = YES;
				CLANG_WARN_OBJC_ROOT_CLASS = YES_ERROR;
				CLANG_WARN_QUOTED_INCLUDE_IN_FRAMEWORK_HEADER = YES;
				CLANG_WARN_RANGE_LOOP_ANALYSIS = YES;
				CLANG_WARN_STRICT_PROTOTYPES = YES;
				CLANG_WARN_SUSPICIOUS_MOVE = YES;
				CLANG_WARN_UNGUARDED_AVAILABILITY = YES_AGGRESSIVE;
				CLANG_WARN_UNREACHABLE_CODE = YES;
				CLANG_WARN__DUPLICATE_METHOD_MATCH = YES;
				COPY_PHASE_STRIP = NO;
				DEBUG_INFORMATION_FORMAT = "dwarf-with-dsym";
				ENABLE_NS_ASSERTIONS = NO;
				ENABLE_STRICT_OBJC_MSGSEND = YES;
				ENABLE_USER_SCRIPT_SANDBOXING = YES;
				GCC_C_LANGUAGE_STANDARD = gnu17;
				GCC_NO_COMMON_BLOCKS = YES;
				GCC_WARN_64_TO_32_BIT_CONVERSION = YES;
				GCC_WARN_ABOUT_RETURN_TYPE = YES_ERROR;
				GCC_WARN_UNDECLARED_SELECTOR = YES;
				GCC_WARN_UNINITIALIZED_AUTOS = YES_AGGRESSIVE;
				GCC_WARN_UNUSED_FUNCTION = YES;
				GCC_WARN_UNUSED_VARIABLE = YES;
				IPHONEOS_DEPLOYMENT_TARGET = 17.2;
				LOCALIZATION_PREFERS_STRING_CATALOGS = YES;
				MTL_ENABLE_DEBUG_INFO = NO;
				MTL_FAST_MATH = YES;
				SDKROOT = iphoneos;
				SWIFT_COMPILATION_MODE = wholemodule;
				VALIDATE_PRODUCT = YES;
			};
			name = Release;
		};
		CD59E20F2B626A040055CBDF /* Debug */ = {
			isa = XCBuildConfiguration;
			buildSettings = {
				ASSETCATALOG_COMPILER_APPICON_NAME = AppIcon;
				ASSETCATALOG_COMPILER_GLOBAL_ACCENT_COLOR_NAME = AccentColor;
				CODE_SIGN_STYLE = Automatic;
				CURRENT_PROJECT_VERSION = 1;
				DEVELOPMENT_ASSET_PATHS = "\"SwiftUI_Practice/Preview Content\"";
				DEVELOPMENT_TEAM = P3KXNQ9736;
				ENABLE_PREVIEWS = YES;
				GENERATE_INFOPLIST_FILE = YES;
				INFOPLIST_KEY_UIApplicationSceneManifest_Generation = YES;
				INFOPLIST_KEY_UIApplicationSupportsIndirectInputEvents = YES;
				INFOPLIST_KEY_UILaunchScreen_Generation = YES;
				INFOPLIST_KEY_UISupportedInterfaceOrientations_iPad = "UIInterfaceOrientationPortrait UIInterfaceOrientationPortraitUpsideDown UIInterfaceOrientationLandscapeLeft UIInterfaceOrientationLandscapeRight";
				INFOPLIST_KEY_UISupportedInterfaceOrientations_iPhone = "UIInterfaceOrientationPortrait UIInterfaceOrientationLandscapeLeft UIInterfaceOrientationLandscapeRight";
				LD_RUNPATH_SEARCH_PATHS = (
					"$(inherited)",
					"@executable_path/Frameworks",
				);
				MARKETING_VERSION = 1.0;
				PRODUCT_BUNDLE_IDENTIFIER = "MadCow.SwiftUI-Practice";
				PRODUCT_NAME = "$(TARGET_NAME)";
				SWIFT_EMIT_LOC_STRINGS = YES;
				SWIFT_VERSION = 5.0;
				TARGETED_DEVICE_FAMILY = "1,2";
			};
			name = Debug;
		};
		CD59E2102B626A040055CBDF /* Release */ = {
			isa = XCBuildConfiguration;
			buildSettings = {
				ASSETCATALOG_COMPILER_APPICON_NAME = AppIcon;
				ASSETCATALOG_COMPILER_GLOBAL_ACCENT_COLOR_NAME = AccentColor;
				CODE_SIGN_STYLE = Automatic;
				CURRENT_PROJECT_VERSION = 1;
				DEVELOPMENT_ASSET_PATHS = "\"SwiftUI_Practice/Preview Content\"";
				DEVELOPMENT_TEAM = P3KXNQ9736;
				ENABLE_PREVIEWS = YES;
				GENERATE_INFOPLIST_FILE = YES;
				INFOPLIST_KEY_UIApplicationSceneManifest_Generation = YES;
				INFOPLIST_KEY_UIApplicationSupportsIndirectInputEvents = YES;
				INFOPLIST_KEY_UILaunchScreen_Generation = YES;
				INFOPLIST_KEY_UISupportedInterfaceOrientations_iPad = "UIInterfaceOrientationPortrait UIInterfaceOrientationPortraitUpsideDown UIInterfaceOrientationLandscapeLeft UIInterfaceOrientationLandscapeRight";
				INFOPLIST_KEY_UISupportedInterfaceOrientations_iPhone = "UIInterfaceOrientationPortrait UIInterfaceOrientationLandscapeLeft UIInterfaceOrientationLandscapeRight";
				LD_RUNPATH_SEARCH_PATHS = (
					"$(inherited)",
					"@executable_path/Frameworks",
				);
				MARKETING_VERSION = 1.0;
				PRODUCT_BUNDLE_IDENTIFIER = "MadCow.SwiftUI-Practice";
				PRODUCT_NAME = "$(TARGET_NAME)";
				SWIFT_EMIT_LOC_STRINGS = YES;
				SWIFT_VERSION = 5.0;
				TARGETED_DEVICE_FAMILY = "1,2";
			};
			name = Release;
		};
/* End XCBuildConfiguration section */

/* Begin XCConfigurationList section */
		CD59E1FB2B626A030055CBDF /* Build configuration list for PBXProject "SwiftUI_Practice" */ = {
			isa = XCConfigurationList;
			buildConfigurations = (
				CD59E20C2B626A040055CBDF /* Debug */,
				CD59E20D2B626A040055CBDF /* Release */,
			);
			defaultConfigurationIsVisible = 0;
			defaultConfigurationName = Release;
		};
		CD59E20E2B626A040055CBDF /* Build configuration list for PBXNativeTarget "SwiftUI_Practice" */ = {
			isa = XCConfigurationList;
			buildConfigurations = (
				CD59E20F2B626A040055CBDF /* Debug */,
				CD59E2102B626A040055CBDF /* Release */,
			);
			defaultConfigurationIsVisible = 0;
			defaultConfigurationName = Release;
		};
/* End XCConfigurationList section */
	};
	rootObject = CD59E1F82B626A030055CBDF /* Project object */;
}
